
Microsoft Visual Studio Solution File, Format Version 12.00
# Visual Studio Version 17
VisualStudioVersion = 17.0.32014.148
MinimumVisualStudioVersion = 10.0.40219.1
Project("{FAE04EC0-301F-11D3-BF4B-00C04F79EFBC}") = "Центр занятости", "Центр занятости\Центр занятости.csproj", "{67A7EDA4-D7D3-4C0B-A583-5F8960C21B39}"
EndProject
Global
	GlobalSection(SolutionConfigurationPlatforms) = preSolution
		Debug|Any CPU = Debug|Any CPU
		Release|Any CPU = Release|Any CPU
	EndGlobalSection
	GlobalSection(ProjectConfigurationPlatforms) = postSolution
		{67A7EDA4-D7D3-4C0B-A583-5F8960C21B39}.Debug|Any CPU.ActiveCfg = Debug|Any CPU
		{67A7EDA4-D7D3-4C0B-A583-5F8960C21B39}.Debug|Any CPU.Build.0 = Debug|Any CPU
		{67A7EDA4-D7D3-4C0B-A583-5F8960C21B39}.Release|Any CPU.ActiveCfg = Release|Any CPU
		{67A7EDA4-D7D3-4C0B-A583-5F8960C21B39}.Release|Any CPU.Build.0 = Release|Any CPU
	EndGlobalSection
	GlobalSection(SolutionProperties) = preSolution
		HideSolutionNode = FALSE
	EndGlobalSection
	GlobalSection(ExtensibilityGlobals) = postSolution
		SolutionGuid = {0A178BC8-EDEC-4D15-B33B-8C7180ED5C67}
	EndGlobalSection
EndGlobal
